// !$*UTF8*$!
{
	archiveVersion = 1;
	classes = {
	};
	objectVersion = 48;
	objects = {

/* Begin PBXBuildFile section */
		2D9C84A220B5038000396292 /* AppDelegate.swift in Sources */ = {isa = PBXBuildFile; fileRef = 2D9C84A120B5038000396292 /* AppDelegate.swift */; };
		2D9C84A420B5038000396292 /* ViewController.swift in Sources */ = {isa = PBXBuildFile; fileRef = 2D9C84A320B5038000396292 /* ViewController.swift */; };
		2D9C84A720B5038000396292 /* Main.storyboard in Resources */ = {isa = PBXBuildFile; fileRef = 2D9C84A520B5038000396292 /* Main.storyboard */; };
		2D9C84A920B5038000396292 /* Assets.xcassets in Resources */ = {isa = PBXBuildFile; fileRef = 2D9C84A820B5038000396292 /* Assets.xcassets */; };
		2D9C84AC20B5038000396292 /* LaunchScreen.storyboard in Resources */ = {isa = PBXBuildFile; fileRef = 2D9C84AA20B5038000396292 /* LaunchScreen.storyboard */; };
		2D9C84B420B509BD00396292 /* SwitchViewController.swift in Sources */ = {isa = PBXBuildFile; fileRef = 2D9C84B320B509BD00396292 /* SwitchViewController.swift */; };
		2D9C84B620B5110A00396292 /* MainNavigationController.swift in Sources */ = {isa = PBXBuildFile; fileRef = 2D9C84B520B5110A00396292 /* MainNavigationController.swift */; };
		2D9C84B820B5175200396292 /* DateViewController.swift in Sources */ = {isa = PBXBuildFile; fileRef = 2D9C84B720B5175200396292 /* DateViewController.swift */; };
		2D9C84BA20B51E2100396292 /* PickerViewController.swift in Sources */ = {isa = PBXBuildFile; fileRef = 2D9C84B920B51E2100396292 /* PickerViewController.swift */; };
		2D9C84BC20B524BC00396292 /* SegmentedViewController.swift in Sources */ = {isa = PBXBuildFile; fileRef = 2D9C84BB20B524BC00396292 /* SegmentedViewController.swift */; };
/* End PBXBuildFile section */

/* Begin PBXFileReference section */
		2D9C849E20B5038000396292 /* sideMenuVire.app */ = {isa = PBXFileReference; explicitFileType = wrapper.application; includeInIndex = 0; path = sideMenuVire.app; sourceTree = BUILT_PRODUCTS_DIR; };
		2D9C84A120B5038000396292 /* AppDelegate.swift */ = {isa = PBXFileReference; lastKnownFileType = sourcecode.swift; path = AppDelegate.swift; sourceTree = "<group>"; };
		2D9C84A320B5038000396292 /* ViewController.swift */ = {isa = PBXFileReference; lastKnownFileType = sourcecode.swift; path = ViewController.swift; sourceTree = "<group>"; };
		2D9C84A620B5038000396292 /* Base */ = {isa = PBXFileReference; lastKnownFileType = file.storyboard; name = Base; path = Base.lproj/Main.storyboard; sourceTree = "<group>"; };
		2D9C84A820B5038000396292 /* Assets.xcassets */ = {isa = PBXFileReference; lastKnownFileType = folder.assetcatalog; path = Assets.xcassets; sourceTree = "<group>"; };
		2D9C84AB20B5038000396292 /* Base */ = {isa = PBXFileReference; lastKnownFileType = file.storyboard; name = Base; path = Base.lproj/LaunchScreen.storyboard; sourceTree = "<group>"; };
		2D9C84AD20B5038000396292 /* Info.plist */ = {isa = PBXFileReference; lastKnownFileType = text.plist.xml; path = Info.plist; sourceTree = "<group>"; };
		2D9C84B320B509BD00396292 /* SwitchViewController.swift */ = {isa = PBXFileReference; lastKnownFileType = sourcecode.swift; path = SwitchViewController.swift; sourceTree = "<group>"; };
		2D9C84B520B5110A00396292 /* MainNavigationController.swift */ = {isa = PBXFileReference; lastKnownFileType = sourcecode.swift; path = MainNavigationController.swift; sourceTree = "<group>"; };
		2D9C84B720B5175200396292 /* DateViewController.swift */ = {isa = PBXFileReference; lastKnownFileType = sourcecode.swift; path = DateViewController.swift; sourceTree = "<group>"; };
		2D9C84B920B51E2100396292 /* PickerViewController.swift */ = {isa = PBXFileReference; lastKnownFileType = sourcecode.swift; path = PickerViewController.swift; sourceTree = "<group>"; };
		2D9C84BB20B524BC00396292 /* SegmentedViewController.swift */ = {isa = PBXFileReference; lastKnownFileType = sourcecode.swift; path = SegmentedViewController.swift; sourceTree = "<group>"; };
/* End PBXFileReference section */

/* Begin PBXFrameworksBuildPhase section */
		2D9C849B20B5038000396292 /* Frameworks */ = {
			isa = PBXFrameworksBuildPhase;
			buildActionMask = 2147483647;
			files = (
			);
			runOnlyForDeploymentPostprocessing = 0;
		};
/* End PBXFrameworksBuildPhase section */

/* Begin PBXGroup section */
		2D9C849520B5038000396292 = {
			isa = PBXGroup;
			children = (
				2D9C84A020B5038000396292 /* sideMenuVire */,
				2D9C849F20B5038000396292 /* Products */,
			);
			sourceTree = "<group>";
		};
		2D9C849F20B5038000396292 /* Products */ = {
			isa = PBXGroup;
			children = (
				2D9C849E20B5038000396292 /* sideMenuVire.app */,
			);
			name = Products;
			sourceTree = "<group>";
		};
		2D9C84A020B5038000396292 /* sideMenuVire */ = {
			isa = PBXGroup;
			children = (
				2D9C84A120B5038000396292 /* AppDelegate.swift */,
				2D9C84B320B509BD00396292 /* SwitchViewController.swift */,
				2D9C84A320B5038000396292 /* ViewController.swift */,
				2D9C84A520B5038000396292 /* Main.storyboard */,
				2D9C84A820B5038000396292 /* Assets.xcassets */,
				2D9C84AA20B5038000396292 /* LaunchScreen.storyboard */,
				2D9C84AD20B5038000396292 /* Info.plist */,
				2D9C84B520B5110A00396292 /* MainNavigationController.swift */,
				2D9C84B720B5175200396292 /* DateViewController.swift */,
				2D9C84B920B51E2100396292 /* PickerViewController.swift */,
				2D9C84BB20B524BC00396292 /* SegmentedViewController.swift */,
			);
			path = sideMenuVire;
			sourceTree = "<group>";
		};
/* End PBXGroup section */

/* Begin PBXNativeTarget section */
		2D9C849D20B5038000396292 /* sideMenuVire */ = {
			isa = PBXNativeTarget;
			buildConfigurationList = 2D9C84B020B5038000396292 /* Build configuration list for PBXNativeTarget "sideMenuVire" */;
			buildPhases = (
				2D9C849A20B5038000396292 /* Sources */,
				2D9C849B20B5038000396292 /* Frameworks */,
				2D9C849C20B5038000396292 /* Resources */,
			);
			buildRules = (
			);
			dependencies = (
			);
			name = sideMenuVire;
			productName = sideMenuVire;
			productReference = 2D9C849E20B5038000396292 /* sideMenuVire.app */;
			productType = "com.apple.product-type.application";
		};
/* End PBXNativeTarget section */

/* Begin PBXProject section */
		2D9C849620B5038000396292 /* Project object */ = {
			isa = PBXProject;
			attributes = {
				LastSwiftUpdateCheck = 0920;
				LastUpgradeCheck = 0920;
				ORGANIZATIONNAME = imastudio;
				TargetAttributes = {
					2D9C849D20B5038000396292 = {
						CreatedOnToolsVersion = 9.2;
						ProvisioningStyle = Automatic;
					};
				};
			};
			buildConfigurationList = 2D9C849920B5038000396292 /* Build configuration list for PBXProject "sideMenuVire" */;
			compatibilityVersion = "Xcode 8.0";
			developmentRegion = en;
			hasScannedForEncodings = 0;
			knownRegions = (
				en,
				Base,
			);
			mainGroup = 2D9C849520B5038000396292;
			productRefGroup = 2D9C849F20B5038000396292 /* Products */;
			projectDirPath = "";
			projectRoot = "";
			targets = (
				2D9C849D20B5038000396292 /* sideMenuVire */,
			);
		};
/* End PBXProject section */

/* Begin PBXResourcesBuildPhase section */
		2D9C849C20B5038000396292 /* Resources */ = {
			isa = PBXResourcesBuildPhase;
			buildActionMask = 2147483647;
			files = (
				2D9C84AC20B5038000396292 /* LaunchScreen.storyboard in Resources */,
				2D9C84A920B5038000396292 /* Assets.xcassets in Resources */,
				2D9C84A720B5038000396292 /* Main.storyboard in Resources */,
			);
			runOnlyForDeploymentPostprocessing = 0;
		};
/* End PBXResourcesBuildPhase section */

/* Begin PBXSourcesBuildPhase section */
		2D9C849A20B5038000396292 /* Sources */ = {
			isa = PBXSourcesBuildPhase;
			buildActionMask = 2147483647;
			files = (
				2D9C84BA20B51E2100396292 /* PickerViewController.swift in Sources */,
				2D9C84B820B5175200396292 /* DateViewController.swift in Sources */,
				2D9C84B420B509BD00396292 /* SwitchViewController.swift in Sources */,
				2D9C84A420B5038000396292 /* ViewController.swift in Sources */,
				2D9C84B620B5110A00396292 /* MainNavigationController.swift in Sources */,
				2D9C84BC20B524BC00396292 /* SegmentedViewController.swift in Sources */,
				2D9C84A220B5038000396292 /* AppDelegate.swift in Sources */,
			);
			runOnlyForDeploymentPostprocessing = 0;
		};
/* End PBXSourcesBuildPhase section */

/* Begin PBXVariantGroup section */
		2D9C84A520B5038000396292 /* Main.storyboard */ = {
			isa = PBXVariantGroup;
			children = (
				2D9C84A620B5038000396292 /* Base */,
			);
			name = Main.storyboard;
			sourceTree = "<group>";
		};
		2D9C84AA20B5038000396292 /* LaunchScreen.storyboard */ = {
			isa = PBXVariantGroup;
			children = (
				2D9C84AB20B5038000396292 /* Base */,
			);
			name = LaunchScreen.storyboard;
			sourceTree = "<group>";
		};
/* End PBXVariantGroup section */

/* Begin XCBuildConfiguration section */
		2D9C84AE20B5038000396292 /* Debug */ = {
			isa = XCBuildConfiguration;
			buildSettings = {
				ALWAYS_SEARCH_USER_PATHS = NO;
				CLANG_ANALYZER_NONNULL = YES;
				CLANG_ANALYZER_NUMBER_OBJECT_CONVERSION = YES_AGGRESSIVE;
				CLANG_CXX_LANGUAGE_STANDARD = "gnu++14";
				CLANG_CXX_LIBRARY = "libc++";
				CLANG_ENABLE_MODULES = YES;
				CLANG_ENABLE_OBJC_ARC = YES;
				CLANG_WARN_BLOCK_CAPTURE_AUTORELEASING = YES;
				CLANG_WARN_BOOL_CONVERSION = YES;
				CLANG_WARN_COMMA = YES;
				CLANG_WARN_CONSTANT_CONVERSION = YES;
				CLANG_WARN_DIRECT_OBJC_ISA_USAGE = YES_ERROR;
				CLANG_WARN_DOCUMENTATION_COMMENTS = YES;
				CLANG_WARN_EMPTY_BODY = YES;
				CLANG_WARN_ENUM_CONVERSION = YES;
				CLANG_WARN_INFINITE_RECURSION = YES;
				CLANG_WARN_INT_CONVERSION = YES;
				CLANG_WARN_NON_LITERAL_NULL_CONVERSION = YES;
				CLANG_WARN_OBJC_LITERAL_CONVERSION = YES;
				CLANG_WARN_OBJC_ROOT_CLASS = YES_ERROR;
				CLANG_WARN_RANGE_LOOP_ANALYSIS = YES;
				CLANG_WARN_STRICT_PROTOTYPES = YES;
				CLANG_WARN_SUSPICIOUS_MOVE = YES;
				CLANG_WARN_UNGUARDED_AVAILABILITY = YES_AGGRESSIVE;
				CLANG_WARN_UNREACHABLE_CODE = YES;
				CLANG_WARN__DUPLICATE_METHOD_MATCH = YES;
				CODE_SIGN_IDENTITY = "iPhone Developer";
				COPY_PHASE_STRIP = NO;
				DEBUG_INFORMATION_FORMAT = dwarf;
				ENABLE_STRICT_OBJC_MSGSEND = YES;
				ENABLE_TESTABILITY = YES;
				GCC_C_LANGUAGE_STANDARD = gnu11;
				GCC_DYNAMIC_NO_PIC = NO;
				GCC_NO_COMMON_BLOCKS = YES;
				GCC_OPTIMIZATION_LEVEL = 0;
				GCC_PREPROCESSOR_DEFINITIONS = (
					"DEBUG=1",
					"$(inherited)",
				);
				GCC_WARN_64_TO_32_BIT_CONVERSION = YES;
				GCC_WARN_ABOUT_RETURN_TYPE = YES_ERROR;
				GCC_WARN_UNDECLARED_SELECTOR = YES;
				GCC_WARN_UNINITIALIZED_AUTOS = YES_AGGRESSIVE;
				GCC_WARN_UNUSED_FUNCTION = YES;
				GCC_WARN_UNUSED_VARIABLE = YES;
				IPHONEOS_DEPLOYMENT_TARGET = 11.2;
				MTL_ENABLE_DEBUG_INFO = YES;
				ONLY_ACTIVE_ARCH = YES;
				SDKROOT = iphoneos;
				SWIFT_ACTIVE_COMPILATION_CONDITIONS = DEBUG;
				SWIFT_OPTIMIZATION_LEVEL = "-Onone";
			};
			name = Debug;
		};
		2D9C84AF20B5038000396292 /* Release */ = {
			isa = XCBuildConfiguration;
			buildSettings = {
				ALWAYS_SEARCH_USER_PATHS = NO;
				CLANG_ANALYZER_NONNULL = YES;
				CLANG_ANALYZER_NUMBER_OBJECT_CONVERSION = YES_AGGRESSIVE;
				CLANG_CXX_LANGUAGE_STANDARD = "gnu++14";
				CLANG_CXX_LIBRARY = "libc++";
				CLANG_ENABLE_MODULES = YES;
				CLANG_ENABLE_OBJC_ARC = YES;
				CLANG_WARN_BLOCK_CAPTURE_AUTORELEASING = YES;
				CLANG_WARN_BOOL_CONVERSION = YES;
				CLANG_WARN_COMMA = YES;
				CLANG_WARN_CONSTANT_CONVERSION = YES;
				CLANG_WARN_DIRECT_OBJC_ISA_USAGE = YES_ERROR;
				CLANG_WARN_DOCUMENTATION_COMMENTS = YES;
				CLANG_WARN_EMPTY_BODY = YES;
				CLANG_WARN_ENUM_CONVERSION = YES;
				CLANG_WARN_INFINITE_RECURSION = YES;
				CLANG_WARN_INT_CONVERSION = YES;
				CLANG_WARN_NON_LITERAL_NULL_CONVERSION = YES;
				CLANG_WARN_OBJC_LITERAL_CONVERSION = YES;
				CLANG_WARN_OBJC_ROOT_CLASS = YES_ERROR;
				CLANG_WARN_RANGE_LOOP_ANALYSIS = YES;
				CLANG_WARN_STRICT_PROTOTYPES = YES;
				CLANG_WARN_SUSPICIOUS_MOVE = YES;
				CLANG_WARN_UNGUARDED_AVAILABILITY = YES_AGGRESSIVE;
				CLANG_WARN_UNREACHABLE_CODE = YES;
				CLANG_WARN__DUPLICATE_METHOD_MATCH = YES;
				CODE_SIGN_IDENTITY = "iPhone Developer";
				COPY_PHASE_STRIP = NO;
				DEBUG_INFORMATION_FORMAT = "dwarf-with-dsym";
				ENABLE_NS_ASSERTIONS = NO;
				ENABLE_STRICT_OBJC_MSGSEND = YES;
				GCC_C_LANGUAGE_STANDARD = gnu11;
				GCC_NO_COMMON_BLOCKS = YES;
				GCC_WARN_64_TO_32_BIT_CONVERSION = YES;
				GCC_WARN_ABOUT_RETURN_TYPE = YES_ERROR;
				GCC_WARN_UNDECLARED_SELECTOR = YES;
				GCC_WARN_UNINITIALIZED_AUTOS = YES_AGGRESSIVE;
				GCC_WARN_UNUSED_FUNCTION = YES;
				GCC_WARN_UNUSED_VARIABLE = YES;
				IPHONEOS_DEPLOYMENT_TARGET = 11.2;
				MTL_ENABLE_DEBUG_INFO = NO;
				SDKROOT = iphoneos;
				SWIFT_OPTIMIZATION_LEVEL = "-Owholemodule";
				VALIDATE_PRODUCT = YES;
			};
			name = Release;
		};
		2D9C84B120B5038000396292 /* Debug */ = {
			isa = XCBuildConfiguration;
			buildSettings = {
				ASSETCATALOG_COMPILER_APPICON_NAME = AppIcon;
				CODE_SIGN_STYLE = Automatic;
				DEVELOPMENT_TEAM = Y5VE7KJP5J;
				INFOPLIST_FILE = sideMenuVire/Info.plist;
				LD_RUNPATH_SEARCH_PATHS = "$(inherited) @executable_path/Frameworks";
				PRODUCT_BUNDLE_IDENTIFIER = imastudio.co.id.sideMenuVire;
				PRODUCT_NAME = "$(TARGET_NAME)";
				SWIFT_VERSION = 4.0;
				TARGETED_DEVICE_FAMILY = "1,2";
			};
			name = Debug;
		};
		2D9C84B220B5038000396292 /* Release */ = {
			isa = XCBuildConfiguration;
			buildSettings = {
				ASSETCATALOG_COMPILER_APPICON_NAME = AppIcon;
				CODE_SIGN_STYLE = Automatic;
				DEVELOPMENT_TEAM = Y5VE7KJP5J;
				INFOPLIST_FILE = sideMenuVire/Info.plist;
				LD_RUNPATH_SEARCH_PATHS = "$(inherited) @executable_path/Frameworks";
				PRODUCT_BUNDLE_IDENTIFIER = imastudio.co.id.sideMenuVire;
				PRODUCT_NAME = "$(TARGET_NAME)";
				SWIFT_VERSION = 4.0;
				TARGETED_DEVICE_FAMILY = "1,2";
			};
			name = Release;
		};
/* End XCBuildConfiguration section */

/* Begin XCConfigurationList section */
		2D9C849920B5038000396292 /* Build configuration list for PBXProject "sideMenuVire" */ = {
			isa = XCConfigurationList;
			buildConfigurations = (
				2D9C84AE20B5038000396292 /* Debug */,
				2D9C84AF20B5038000396292 /* Release */,
			);
			defaultConfigurationIsVisible = 0;
			defaultConfigurationName = Release;
		};
		2D9C84B020B5038000396292 /* Build configuration list for PBXNativeTarget "sideMenuVire" */ = {
			isa = XCConfigurationList;
			buildConfigurations = (
				2D9C84B120B5038000396292 /* Debug */,
				2D9C84B220B5038000396292 /* Release */,
			);
			defaultConfigurationIsVisible = 0;
			defaultConfigurationName = Release;
		};
/* End XCConfigurationList section */
	};
	rootObject = 2D9C849620B5038000396292 /* Project object */;
}
